
Microsoft Visual Studio Solution File, Format Version 12.00
Project("{FAE04EC0-301F-11D3-BF4B-00C04F79EFBC}") = "DeadAnts", "DeadAnts\DeadAnts.csproj", "{A7631B90-7C3E-41F5-BDD9-8B8EEABDACAA}"
EndProject
Project("{FAE04EC0-301F-11D3-BF4B-00C04F79EFBC}") = "UnitTest", "UnitTest\UnitTest.csproj", "{9505E2C8-A0F5-48BA-A999-8C1211FADC0B}"
EndProject
Global
	GlobalSection(SolutionConfigurationPlatforms) = preSolution
		Debug|Any CPU = Debug|Any CPU
		Release|Any CPU = Release|Any CPU
	EndGlobalSection
	GlobalSection(ProjectConfigurationPlatforms) = postSolution
		{A7631B90-7C3E-41F5-BDD9-8B8EEABDACAA}.Debug|Any CPU.ActiveCfg = Debug|Any CPU
		{A7631B90-7C3E-41F5-BDD9-8B8EEABDACAA}.Debug|Any CPU.Build.0 = Debug|Any CPU
		{A7631B90-7C3E-41F5-BDD9-8B8EEABDACAA}.Release|Any CPU.ActiveCfg = Release|Any CPU
		{A7631B90-7C3E-41F5-BDD9-8B8EEABDACAA}.Release|Any CPU.Build.0 = Release|Any CPU
		{9505E2C8-A0F5-48BA-A999-8C1211FADC0B}.Debug|Any CPU.ActiveCfg = Debug|Any CPU
		{9505E2C8-A0F5-48BA-A999-8C1211FADC0B}.Debug|Any CPU.Build.0 = Debug|Any CPU
		{9505E2C8-A0F5-48BA-A999-8C1211FADC0B}.Release|Any CPU.ActiveCfg = Release|Any CPU
		{9505E2C8-A0F5-48BA-A999-8C1211FADC0B}.Release|Any CPU.Build.0 = Release|Any CPU
	EndGlobalSection
EndGlobal
